
Microsoft Visual Studio Solution File, Format Version 12.00
# Visual Studio Version 16
VisualStudioVersion = 16.0.31129.286
MinimumVisualStudioVersion = 10.0.40219.1
Project("{FAE04EC0-301F-11D3-BF4B-00C04F79EFBC}") = "WinFormsApp3", "WinFormsApp3.csproj", "{90A195A0-E12D-4F7D-BD05-1C38CA807BDE}"
EndProject
Global
	GlobalSection(SolutionConfigurationPlatforms) = preSolution
		Debug|Any CPU = Debug|Any CPU
		Release|Any CPU = Release|Any CPU
	EndGlobalSection
	GlobalSection(ProjectConfigurationPlatforms) = postSolution
		{90A195A0-E12D-4F7D-BD05-1C38CA807BDE}.Debug|Any CPU.ActiveCfg = Debug|Any CPU
		{90A195A0-E12D-4F7D-BD05-1C38CA807BDE}.Debug|Any CPU.Build.0 = Debug|Any CPU
		{90A195A0-E12D-4F7D-BD05-1C38CA807BDE}.Release|Any CPU.ActiveCfg = Release|Any CPU
		{90A195A0-E12D-4F7D-BD05-1C38CA807BDE}.Release|Any CPU.Build.0 = Release|Any CPU
	EndGlobalSection
	GlobalSection(SolutionProperties) = preSolution
		HideSolutionNode = FALSE
	EndGlobalSection
	GlobalSection(ExtensibilityGlobals) = postSolution
		SolutionGuid = {4CFCC39C-4E23-4132-89D5-F1FB4DCB6F4A}
	EndGlobalSection
EndGlobal
